
Microsoft Visual Studio Solution File, Format Version 12.00
# Visual Studio Version 17
VisualStudioVersion = 17.4.33213.308
MinimumVisualStudioVersion = 10.0.40219.1
Project("{FAE04EC0-301F-11D3-BF4B-00C04F79EFBC}") = "Demo11B2023.Android", "Demo11B2023\Demo11B2023.Android\Demo11B2023.Android.csproj", "{4C5BD874-6C93-46CC-99A3-AF4465A182E1}"
EndProject
Project("{FAE04EC0-301F-11D3-BF4B-00C04F79EFBC}") = "Demo11B2023.iOS", "Demo11B2023\Demo11B2023.iOS\Demo11B2023.iOS.csproj", "{C9E7CEF6-F410-479D-88F5-CD1384E4499D}"
EndProject
Project("{FAE04EC0-301F-11D3-BF4B-00C04F79EFBC}") = "Demo11B2023", "Demo11B2023\Demo11B2023\Demo11B2023.csproj", "{3748E95F-E2BC-4569-B902-F3FC1CBDFF72}"
EndProject
Global
	GlobalSection(SolutionConfigurationPlatforms) = preSolution
		Debug|Any CPU = Debug|Any CPU
		Debug|iPhone = Debug|iPhone
		Debug|iPhoneSimulator = Debug|iPhoneSimulator
		Release|Any CPU = Release|Any CPU
		Release|iPhone = Release|iPhone
		Release|iPhoneSimulator = Release|iPhoneSimulator
	EndGlobalSection
	GlobalSection(ProjectConfigurationPlatforms) = postSolution
		{4C5BD874-6C93-46CC-99A3-AF4465A182E1}.Debug|Any CPU.ActiveCfg = Debug|Any CPU
		{4C5BD874-6C93-46CC-99A3-AF4465A182E1}.Debug|Any CPU.Build.0 = Debug|Any CPU
		{4C5BD874-6C93-46CC-99A3-AF4465A182E1}.Debug|Any CPU.Deploy.0 = Debug|Any CPU
		{4C5BD874-6C93-46CC-99A3-AF4465A182E1}.Debug|iPhone.ActiveCfg = Debug|Any CPU
		{4C5BD874-6C93-46CC-99A3-AF4465A182E1}.Debug|iPhone.Build.0 = Debug|Any CPU
		{4C5BD874-6C93-46CC-99A3-AF4465A182E1}.Debug|iPhone.Deploy.0 = Debug|Any CPU
		{4C5BD874-6C93-46CC-99A3-AF4465A182E1}.Debug|iPhoneSimulator.ActiveCfg = Debug|Any CPU
		{4C5BD874-6C93-46CC-99A3-AF4465A182E1}.Debug|iPhoneSimulator.Build.0 = Debug|Any CPU
		{4C5BD874-6C93-46CC-99A3-AF4465A182E1}.Debug|iPhoneSimulator.Deploy.0 = Debug|Any CPU
		{4C5BD874-6C93-46CC-99A3-AF4465A182E1}.Release|Any CPU.ActiveCfg = Release|Any CPU
		{4C5BD874-6C93-46CC-99A3-AF4465A182E1}.Release|Any CPU.Build.0 = Release|Any CPU
		{4C5BD874-6C93-46CC-99A3-AF4465A182E1}.Release|Any CPU.Deploy.0 = Release|Any CPU
		{4C5BD874-6C93-46CC-99A3-AF4465A182E1}.Release|iPhone.ActiveCfg = Release|Any CPU
		{4C5BD874-6C93-46CC-99A3-AF4465A182E1}.Release|iPhone.Build.0 = Release|Any CPU
		{4C5BD874-6C93-46CC-99A3-AF4465A182E1}.Release|iPhone.Deploy.0 = Release|Any CPU
		{4C5BD874-6C93-46CC-99A3-AF4465A182E1}.Release|iPhoneSimulator.ActiveCfg = Release|Any CPU
		{4C5BD874-6C93-46CC-99A3-AF4465A182E1}.Release|iPhoneSimulator.Build.0 = Release|Any CPU
		{4C5BD874-6C93-46CC-99A3-AF4465A182E1}.Release|iPhoneSimulator.Deploy.0 = Release|Any CPU
		{C9E7CEF6-F410-479D-88F5-CD1384E4499D}.Debug|Any CPU.ActiveCfg = Debug|iPhone
		{C9E7CEF6-F410-479D-88F5-CD1384E4499D}.Debug|Any CPU.Build.0 = Debug|iPhone
		{C9E7CEF6-F410-479D-88F5-CD1384E4499D}.Debug|Any CPU.Deploy.0 = Debug|iPhone
		{C9E7CEF6-F410-479D-88F5-CD1384E4499D}.Debug|iPhone.ActiveCfg = Debug|iPhone
		{C9E7CEF6-F410-479D-88F5-CD1384E4499D}.Debug|iPhone.Build.0 = Debug|iPhone
		{C9E7CEF6-F410-479D-88F5-CD1384E4499D}.Debug|iPhone.Deploy.0 = Debug|iPhone
		{C9E7CEF6-F410-479D-88F5-CD1384E4499D}.Debug|iPhoneSimulator.ActiveCfg = Debug|iPhoneSimulator
		{C9E7CEF6-F410-479D-88F5-CD1384E4499D}.Debug|iPhoneSimulator.Build.0 = Debug|iPhoneSimulator
		{C9E7CEF6-F410-479D-88F5-CD1384E4499D}.Debug|iPhoneSimulator.Deploy.0 = Debug|iPhoneSimulator
		{C9E7CEF6-F410-479D-88F5-CD1384E4499D}.Release|Any CPU.ActiveCfg = Release|iPhoneSimulator
		{C9E7CEF6-F410-479D-88F5-CD1384E4499D}.Release|Any CPU.Build.0 = Release|iPhoneSimulator
		{C9E7CEF6-F410-479D-88F5-CD1384E4499D}.Release|Any CPU.Deploy.0 = Release|iPhoneSimulator
		{C9E7CEF6-F410-479D-88F5-CD1384E4499D}.Release|iPhone.ActiveCfg = Release|iPhone
		{C9E7CEF6-F410-479D-88F5-CD1384E4499D}.Release|iPhone.Build.0 = Release|iPhone
		{C9E7CEF6-F410-479D-88F5-CD1384E4499D}.Release|iPhone.Deploy.0 = Release|iPhone
		{C9E7CEF6-F410-479D-88F5-CD1384E4499D}.Release|iPhoneSimulator.ActiveCfg = Release|iPhoneSimulator
		{C9E7CEF6-F410-479D-88F5-CD1384E4499D}.Release|iPhoneSimulator.Build.0 = Release|iPhoneSimulator
		{C9E7CEF6-F410-479D-88F5-CD1384E4499D}.Release|iPhoneSimulator.Deploy.0 = Release|iPhoneSimulator
		{3748E95F-E2BC-4569-B902-F3FC1CBDFF72}.Debug|Any CPU.ActiveCfg = Debug|Any CPU
		{3748E95F-E2BC-4569-B902-F3FC1CBDFF72}.Debug|Any CPU.Build.0 = Debug|Any CPU
		{3748E95F-E2BC-4569-B902-F3FC1CBDFF72}.Debug|Any CPU.Deploy.0 = Debug|Any CPU
		{3748E95F-E2BC-4569-B902-F3FC1CBDFF72}.Debug|iPhone.ActiveCfg = Debug|Any CPU
		{3748E95F-E2BC-4569-B902-F3FC1CBDFF72}.Debug|iPhone.Build.0 = Debug|Any CPU
		{3748E95F-E2BC-4569-B902-F3FC1CBDFF72}.Debug|iPhone.Deploy.0 = Debug|Any CPU
		{3748E95F-E2BC-4569-B902-F3FC1CBDFF72}.Debug|iPhoneSimulator.ActiveCfg = Debug|Any CPU
		{3748E95F-E2BC-4569-B902-F3FC1CBDFF72}.Debug|iPhoneSimulator.Build.0 = Debug|Any CPU
		{3748E95F-E2BC-4569-B902-F3FC1CBDFF72}.Debug|iPhoneSimulator.Deploy.0 = Debug|Any CPU
		{3748E95F-E2BC-4569-B902-F3FC1CBDFF72}.Release|Any CPU.ActiveCfg = Release|Any CPU
		{3748E95F-E2BC-4569-B902-F3FC1CBDFF72}.Release|Any CPU.Build.0 = Release|Any CPU
		{3748E95F-E2BC-4569-B902-F3FC1CBDFF72}.Release|Any CPU.Deploy.0 = Release|Any CPU
		{3748E95F-E2BC-4569-B902-F3FC1CBDFF72}.Release|iPhone.ActiveCfg = Release|Any CPU
		{3748E95F-E2BC-4569-B902-F3FC1CBDFF72}.Release|iPhone.Build.0 = Release|Any CPU
		{3748E95F-E2BC-4569-B902-F3FC1CBDFF72}.Release|iPhone.Deploy.0 = Release|Any CPU
		{3748E95F-E2BC-4569-B902-F3FC1CBDFF72}.Release|iPhoneSimulator.ActiveCfg = Release|Any CPU
		{3748E95F-E2BC-4569-B902-F3FC1CBDFF72}.Release|iPhoneSimulator.Build.0 = Release|Any CPU
		{3748E95F-E2BC-4569-B902-F3FC1CBDFF72}.Release|iPhoneSimulator.Deploy.0 = Release|Any CPU
	EndGlobalSection
	GlobalSection(SolutionProperties) = preSolution
		HideSolutionNode = FALSE
	EndGlobalSection
	GlobalSection(ExtensibilityGlobals) = postSolution
		SolutionGuid = {EE0A4A02-0C01-49EB-AEC4-1F937A889547}
	EndGlobalSection
EndGlobal
